
Microsoft Visual Studio Solution File, Format Version 12.00
# Visual Studio Version 17
VisualStudioVersion = 17.7.34031.279
MinimumVisualStudioVersion = 10.0.40219.1
Project("{FAE04EC0-301F-11D3-BF4B-00C04F79EFBC}") = "ResultArchiverWPF", "ResultArchiverWPF\ResultArchiverWPF.csproj", "{D5B05369-D7E0-485F-A86D-E832D8E64B66}"
EndProject
Project("{9A19103F-16F7-4668-BE54-9A1E7A4F7556}") = "WPFUtilsLib", "WPFUtilsLib\WPFUtilsLib.csproj", "{F177873F-99F6-48ED-B191-A1D4A99F061B}"
EndProject
Global
	GlobalSection(SolutionConfigurationPlatforms) = preSolution
		Debug|Any CPU = Debug|Any CPU
		Release|Any CPU = Release|Any CPU
	EndGlobalSection
	GlobalSection(ProjectConfigurationPlatforms) = postSolution
		{D5B05369-D7E0-485F-A86D-E832D8E64B66}.Debug|Any CPU.ActiveCfg = Debug|Any CPU
		{D5B05369-D7E0-485F-A86D-E832D8E64B66}.Debug|Any CPU.Build.0 = Debug|Any CPU
		{D5B05369-D7E0-485F-A86D-E832D8E64B66}.Release|Any CPU.ActiveCfg = Release|Any CPU
		{D5B05369-D7E0-485F-A86D-E832D8E64B66}.Release|Any CPU.Build.0 = Release|Any CPU
		{F177873F-99F6-48ED-B191-A1D4A99F061B}.Debug|Any CPU.ActiveCfg = Debug|Any CPU
		{F177873F-99F6-48ED-B191-A1D4A99F061B}.Debug|Any CPU.Build.0 = Debug|Any CPU
		{F177873F-99F6-48ED-B191-A1D4A99F061B}.Release|Any CPU.ActiveCfg = Release|Any CPU
		{F177873F-99F6-48ED-B191-A1D4A99F061B}.Release|Any CPU.Build.0 = Release|Any CPU
	EndGlobalSection
	GlobalSection(SolutionProperties) = preSolution
		HideSolutionNode = FALSE
	EndGlobalSection
	GlobalSection(ExtensibilityGlobals) = postSolution
		SolutionGuid = {9346C15E-7326-4858-BAD9-5A090B1B3BF7}
	EndGlobalSection
EndGlobal
